
Microsoft Visual Studio Solution File, Format Version 12.00
# Visual Studio Version 17
VisualStudioVersion = 17.14.36518.9 d17.14
MinimumVisualStudioVersion = 10.0.40219.1
Project("{FAE04EC0-301F-11D3-BF4B-00C04F79EFBC}") = "AioStudy.UI", "AioStudy.UI\AioStudy.UI.csproj", "{565A67DC-BD6D-4700-BEDE-11FE1B018875}"
	ProjectSection(ProjectDependencies) = postProject
		{16F4262C-293E-4954-915B-AD4A1C8E4069} = {16F4262C-293E-4954-915B-AD4A1C8E4069}
		{F1A4E82C-B89F-438B-8F57-931454AA9A07} = {F1A4E82C-B89F-438B-8F57-931454AA9A07}
	EndProjectSection
EndProject
Project("{FAE04EC0-301F-11D3-BF4B-00C04F79EFBC}") = "AioStudy.Core", "AioStudy.Core\AioStudy.Core.csproj", "{16F4262C-293E-4954-915B-AD4A1C8E4069}"
	ProjectSection(ProjectDependencies) = postProject
		{B77CE22C-324E-4626-8DE2-991C417089F5} = {B77CE22C-324E-4626-8DE2-991C417089F5}
		{F1A4E82C-B89F-438B-8F57-931454AA9A07} = {F1A4E82C-B89F-438B-8F57-931454AA9A07}
	EndProjectSection
EndProject
Project("{FAE04EC0-301F-11D3-BF4B-00C04F79EFBC}") = "AioStudy.Data", "AioStudy.Data\AioStudy.Data.csproj", "{B77CE22C-324E-4626-8DE2-991C417089F5}"
	ProjectSection(ProjectDependencies) = postProject
		{F1A4E82C-B89F-438B-8F57-931454AA9A07} = {F1A4E82C-B89F-438B-8F57-931454AA9A07}
	EndProjectSection
EndProject
Project("{FAE04EC0-301F-11D3-BF4B-00C04F79EFBC}") = "AioStudy.Models", "AioStudy.Models\AioStudy.Models.csproj", "{F1A4E82C-B89F-438B-8F57-931454AA9A07}"
EndProject
Project("{FAE04EC0-301F-11D3-BF4B-00C04F79EFBC}") = "AioStudy.Tests", "AioStudy.Tests\AioStudy.Tests.csproj", "{CAB28D53-2198-4DF7-8966-E960619F8225}"
	ProjectSection(ProjectDependencies) = postProject
		{16F4262C-293E-4954-915B-AD4A1C8E4069} = {16F4262C-293E-4954-915B-AD4A1C8E4069}
		{565A67DC-BD6D-4700-BEDE-11FE1B018875} = {565A67DC-BD6D-4700-BEDE-11FE1B018875}
		{B77CE22C-324E-4626-8DE2-991C417089F5} = {B77CE22C-324E-4626-8DE2-991C417089F5}
		{F1A4E82C-B89F-438B-8F57-931454AA9A07} = {F1A4E82C-B89F-438B-8F57-931454AA9A07}
	EndProjectSection
EndProject
Global
	GlobalSection(SolutionConfigurationPlatforms) = preSolution
		Debug|Any CPU = Debug|Any CPU
		Release|Any CPU = Release|Any CPU
	EndGlobalSection
	GlobalSection(ProjectConfigurationPlatforms) = postSolution
		{565A67DC-BD6D-4700-BEDE-11FE1B018875}.Debug|Any CPU.ActiveCfg = Debug|Any CPU
		{565A67DC-BD6D-4700-BEDE-11FE1B018875}.Debug|Any CPU.Build.0 = Debug|Any CPU
		{565A67DC-BD6D-4700-BEDE-11FE1B018875}.Release|Any CPU.ActiveCfg = Release|Any CPU
		{565A67DC-BD6D-4700-BEDE-11FE1B018875}.Release|Any CPU.Build.0 = Release|Any CPU
		{16F4262C-293E-4954-915B-AD4A1C8E4069}.Debug|Any CPU.ActiveCfg = Debug|Any CPU
		{16F4262C-293E-4954-915B-AD4A1C8E4069}.Debug|Any CPU.Build.0 = Debug|Any CPU
		{16F4262C-293E-4954-915B-AD4A1C8E4069}.Release|Any CPU.ActiveCfg = Release|Any CPU
		{16F4262C-293E-4954-915B-AD4A1C8E4069}.Release|Any CPU.Build.0 = Release|Any CPU
		{B77CE22C-324E-4626-8DE2-991C417089F5}.Debug|Any CPU.ActiveCfg = Debug|Any CPU
		{B77CE22C-324E-4626-8DE2-991C417089F5}.Debug|Any CPU.Build.0 = Debug|Any CPU
		{B77CE22C-324E-4626-8DE2-991C417089F5}.Release|Any CPU.ActiveCfg = Release|Any CPU
		{B77CE22C-324E-4626-8DE2-991C417089F5}.Release|Any CPU.Build.0 = Release|Any CPU
		{F1A4E82C-B89F-438B-8F57-931454AA9A07}.Debug|Any CPU.ActiveCfg = Debug|Any CPU
		{F1A4E82C-B89F-438B-8F57-931454AA9A07}.Debug|Any CPU.Build.0 = Debug|Any CPU
		{F1A4E82C-B89F-438B-8F57-931454AA9A07}.Release|Any CPU.ActiveCfg = Release|Any CPU
		{F1A4E82C-B89F-438B-8F57-931454AA9A07}.Release|Any CPU.Build.0 = Release|Any CPU
		{CAB28D53-2198-4DF7-8966-E960619F8225}.Debug|Any CPU.ActiveCfg = Debug|Any CPU
		{CAB28D53-2198-4DF7-8966-E960619F8225}.Debug|Any CPU.Build.0 = Debug|Any CPU
		{CAB28D53-2198-4DF7-8966-E960619F8225}.Release|Any CPU.ActiveCfg = Release|Any CPU
		{CAB28D53-2198-4DF7-8966-E960619F8225}.Release|Any CPU.Build.0 = Release|Any CPU
	EndGlobalSection
	GlobalSection(SolutionProperties) = preSolution
		HideSolutionNode = FALSE
	EndGlobalSection
	GlobalSection(ExtensibilityGlobals) = postSolution
		SolutionGuid = {3206A0DA-BF02-402A-B654-46EEEC466DD3}
	EndGlobalSection
EndGlobal
